
Microsoft Visual Studio Solution File, Format Version 12.00
# Visual Studio Version 17
VisualStudioVersion = 17.12.35521.163
MinimumVisualStudioVersion = 10.0.40219.1
Project("{2150E333-8FDC-42A3-9474-1A3956D46DE8}") = "Services", "Services", "{7EECF054-9CC6-4814-AC7A-45AE2780F691}"
EndProject
Project("{2150E333-8FDC-42A3-9474-1A3956D46DE8}") = "Booking", "Booking", "{41521BE3-D2B1-4476-A97D-218C361CD99D}"
EndProject
Project("{FAE04EC0-301F-11D3-BF4B-00C04F79EFBC}") = "Reservation.Booking", "Services\Booking\Reservation.Booking\Reservation.Booking.csproj", "{1D1C345E-23E6-4534-B1D7-53424D9D80DA}"
EndProject
Project("{2150E333-8FDC-42A3-9474-1A3956D46DE8}") = "Review", "Review", "{7BE7AA55-9EA7-46BA-A376-A6F69E159710}"
EndProject
Project("{FAE04EC0-301F-11D3-BF4B-00C04F79EFBC}") = "Reservation.Review", "Services\Review\Reservation.Review\Reservation.Review.csproj", "{5AB64BCA-AC8C-41C2-ADD5-55162A046B89}"
EndProject
Project("{2150E333-8FDC-42A3-9474-1A3956D46DE8}") = "IdentityServer", "IdentityServer", "{3ADAF66E-DD5F-4A85-8B3D-7C498E57F9D9}"
EndProject
Project("{FAE04EC0-301F-11D3-BF4B-00C04F79EFBC}") = "IdentityServer", "IdentityServer\IdentityServer.csproj", "{40A3B82E-DF47-4CB9-866D-21D92EF80D6D}"
EndProject
Project("{2150E333-8FDC-42A3-9474-1A3956D46DE8}") = "Hotels", "Hotels", "{DA702866-D852-4091-8190-D3746222E9D6}"
EndProject
Project("{FAE04EC0-301F-11D3-BF4B-00C04F79EFBC}") = "Reservation.Hotels", "Services\Hotels\Reservation.Hotels\Reservation.Hotels.csproj", "{C3249372-3D79-4AF6-B640-D921B444FA47}"
EndProject
Project("{2150E333-8FDC-42A3-9474-1A3956D46DE8}") = "Basket", "Basket", "{72039EFC-D3ED-4CDE-92FF-DDFB29F64684}"
EndProject
Project("{FAE04EC0-301F-11D3-BF4B-00C04F79EFBC}") = "Reservation.Basket", "Services\Basket\Reservation.Basket\Reservation.Basket.csproj", "{7D09B326-F8CE-476B-84F1-33A5BA5F9E1E}"
EndProject
Project("{2150E333-8FDC-42A3-9474-1A3956D46DE8}") = "ApiGateway", "ApiGateway", "{EF440B3B-85A3-420B-84B2-FD2CE6171303}"
EndProject
Project("{FAE04EC0-301F-11D3-BF4B-00C04F79EFBC}") = "Reservation.ApiGateway", "ApiGateway\Reservation.ApiGateway\Reservation.ApiGateway.csproj", "{5741D714-4008-4030-8A13-6858B06C4152}"
EndProject
Global
	GlobalSection(SolutionConfigurationPlatforms) = preSolution
		Debug|Any CPU = Debug|Any CPU
		Release|Any CPU = Release|Any CPU
	EndGlobalSection
	GlobalSection(ProjectConfigurationPlatforms) = postSolution
		{1D1C345E-23E6-4534-B1D7-53424D9D80DA}.Debug|Any CPU.ActiveCfg = Debug|Any CPU
		{1D1C345E-23E6-4534-B1D7-53424D9D80DA}.Debug|Any CPU.Build.0 = Debug|Any CPU
		{1D1C345E-23E6-4534-B1D7-53424D9D80DA}.Release|Any CPU.ActiveCfg = Release|Any CPU
		{1D1C345E-23E6-4534-B1D7-53424D9D80DA}.Release|Any CPU.Build.0 = Release|Any CPU
		{5AB64BCA-AC8C-41C2-ADD5-55162A046B89}.Debug|Any CPU.ActiveCfg = Debug|Any CPU
		{5AB64BCA-AC8C-41C2-ADD5-55162A046B89}.Debug|Any CPU.Build.0 = Debug|Any CPU
		{5AB64BCA-AC8C-41C2-ADD5-55162A046B89}.Release|Any CPU.ActiveCfg = Release|Any CPU
		{5AB64BCA-AC8C-41C2-ADD5-55162A046B89}.Release|Any CPU.Build.0 = Release|Any CPU
		{40A3B82E-DF47-4CB9-866D-21D92EF80D6D}.Debug|Any CPU.ActiveCfg = Debug|Any CPU
		{40A3B82E-DF47-4CB9-866D-21D92EF80D6D}.Debug|Any CPU.Build.0 = Debug|Any CPU
		{40A3B82E-DF47-4CB9-866D-21D92EF80D6D}.Release|Any CPU.ActiveCfg = Release|Any CPU
		{40A3B82E-DF47-4CB9-866D-21D92EF80D6D}.Release|Any CPU.Build.0 = Release|Any CPU
		{C3249372-3D79-4AF6-B640-D921B444FA47}.Debug|Any CPU.ActiveCfg = Debug|Any CPU
		{C3249372-3D79-4AF6-B640-D921B444FA47}.Debug|Any CPU.Build.0 = Debug|Any CPU
		{C3249372-3D79-4AF6-B640-D921B444FA47}.Release|Any CPU.ActiveCfg = Release|Any CPU
		{C3249372-3D79-4AF6-B640-D921B444FA47}.Release|Any CPU.Build.0 = Release|Any CPU
		{7D09B326-F8CE-476B-84F1-33A5BA5F9E1E}.Debug|Any CPU.ActiveCfg = Debug|Any CPU
		{7D09B326-F8CE-476B-84F1-33A5BA5F9E1E}.Debug|Any CPU.Build.0 = Debug|Any CPU
		{7D09B326-F8CE-476B-84F1-33A5BA5F9E1E}.Release|Any CPU.ActiveCfg = Release|Any CPU
		{7D09B326-F8CE-476B-84F1-33A5BA5F9E1E}.Release|Any CPU.Build.0 = Release|Any CPU
		{5741D714-4008-4030-8A13-6858B06C4152}.Debug|Any CPU.ActiveCfg = Debug|Any CPU
		{5741D714-4008-4030-8A13-6858B06C4152}.Debug|Any CPU.Build.0 = Debug|Any CPU
		{5741D714-4008-4030-8A13-6858B06C4152}.Release|Any CPU.ActiveCfg = Release|Any CPU
		{5741D714-4008-4030-8A13-6858B06C4152}.Release|Any CPU.Build.0 = Release|Any CPU
	EndGlobalSection
	GlobalSection(SolutionProperties) = preSolution
		HideSolutionNode = FALSE
	EndGlobalSection
	GlobalSection(NestedProjects) = preSolution
		{41521BE3-D2B1-4476-A97D-218C361CD99D} = {7EECF054-9CC6-4814-AC7A-45AE2780F691}
		{1D1C345E-23E6-4534-B1D7-53424D9D80DA} = {41521BE3-D2B1-4476-A97D-218C361CD99D}
		{7BE7AA55-9EA7-46BA-A376-A6F69E159710} = {7EECF054-9CC6-4814-AC7A-45AE2780F691}
		{5AB64BCA-AC8C-41C2-ADD5-55162A046B89} = {7BE7AA55-9EA7-46BA-A376-A6F69E159710}
		{40A3B82E-DF47-4CB9-866D-21D92EF80D6D} = {3ADAF66E-DD5F-4A85-8B3D-7C498E57F9D9}
		{DA702866-D852-4091-8190-D3746222E9D6} = {7EECF054-9CC6-4814-AC7A-45AE2780F691}
		{C3249372-3D79-4AF6-B640-D921B444FA47} = {DA702866-D852-4091-8190-D3746222E9D6}
		{72039EFC-D3ED-4CDE-92FF-DDFB29F64684} = {7EECF054-9CC6-4814-AC7A-45AE2780F691}
		{7D09B326-F8CE-476B-84F1-33A5BA5F9E1E} = {72039EFC-D3ED-4CDE-92FF-DDFB29F64684}
		{5741D714-4008-4030-8A13-6858B06C4152} = {EF440B3B-85A3-420B-84B2-FD2CE6171303}
	EndGlobalSection
EndGlobal
